
Microsoft Visual Studio Solution File, Format Version 12.00
# Visual Studio 2012
Project("{FAE04EC0-301F-11D3-BF4B-00C04F79EFBC}") = "PasswordlessLogin", "PasswordlessLogin\PasswordlessLogin.csproj", "{36E10516-2633-44C9-BA8A-4B7D0C43C3D1}"
EndProject
Project("{FAE04EC0-301F-11D3-BF4B-00C04F79EFBC}") = "PasswordlessLogin.iOS", "iOS\PasswordlessLogin.iOS.csproj", "{13E4FDE1-C9BE-4D86-8DB4-B9B37F02A18B}"
EndProject
Project("{FAE04EC0-301F-11D3-BF4B-00C04F79EFBC}") = "PasswordlessLogin.Droid", "Droid\PasswordlessLogin.Droid.csproj", "{0469BF47-97AC-4654-81E4-F856FB35A323}"
EndProject
Global
	GlobalSection(SolutionConfigurationPlatforms) = preSolution
		Debug|Any CPU = Debug|Any CPU
		Release|Any CPU = Release|Any CPU
		Debug|iPhoneSimulator = Debug|iPhoneSimulator
		Release|iPhoneSimulator = Release|iPhoneSimulator
		Debug|iPhone = Debug|iPhone
		Release|iPhone = Release|iPhone
		Ad-Hoc|iPhone = Ad-Hoc|iPhone
		AppStore|iPhone = AppStore|iPhone
	EndGlobalSection
	GlobalSection(ProjectConfigurationPlatforms) = postSolution
		{0469BF47-97AC-4654-81E4-F856FB35A323}.Ad-Hoc|iPhone.ActiveCfg = Release|Any CPU
		{0469BF47-97AC-4654-81E4-F856FB35A323}.Ad-Hoc|iPhone.Build.0 = Release|Any CPU
		{0469BF47-97AC-4654-81E4-F856FB35A323}.AppStore|iPhone.ActiveCfg = Release|Any CPU
		{0469BF47-97AC-4654-81E4-F856FB35A323}.AppStore|iPhone.Build.0 = Release|Any CPU
		{0469BF47-97AC-4654-81E4-F856FB35A323}.Debug|Any CPU.ActiveCfg = Debug|Any CPU
		{0469BF47-97AC-4654-81E4-F856FB35A323}.Debug|Any CPU.Build.0 = Debug|Any CPU
		{0469BF47-97AC-4654-81E4-F856FB35A323}.Debug|iPhone.ActiveCfg = Debug|Any CPU
		{0469BF47-97AC-4654-81E4-F856FB35A323}.Debug|iPhone.Build.0 = Debug|Any CPU
		{0469BF47-97AC-4654-81E4-F856FB35A323}.Debug|iPhoneSimulator.ActiveCfg = Debug|Any CPU
		{0469BF47-97AC-4654-81E4-F856FB35A323}.Debug|iPhoneSimulator.Build.0 = Debug|Any CPU
		{0469BF47-97AC-4654-81E4-F856FB35A323}.Release|Any CPU.ActiveCfg = Release|Any CPU
		{0469BF47-97AC-4654-81E4-F856FB35A323}.Release|Any CPU.Build.0 = Release|Any CPU
		{0469BF47-97AC-4654-81E4-F856FB35A323}.Release|iPhone.ActiveCfg = Release|Any CPU
		{0469BF47-97AC-4654-81E4-F856FB35A323}.Release|iPhone.Build.0 = Release|Any CPU
		{0469BF47-97AC-4654-81E4-F856FB35A323}.Release|iPhoneSimulator.ActiveCfg = Release|Any CPU
		{0469BF47-97AC-4654-81E4-F856FB35A323}.Release|iPhoneSimulator.Build.0 = Release|Any CPU
		{13E4FDE1-C9BE-4D86-8DB4-B9B37F02A18B}.Ad-Hoc|iPhone.ActiveCfg = Ad-Hoc|iPhone
		{13E4FDE1-C9BE-4D86-8DB4-B9B37F02A18B}.Ad-Hoc|iPhone.Build.0 = Ad-Hoc|iPhone
		{13E4FDE1-C9BE-4D86-8DB4-B9B37F02A18B}.AppStore|iPhone.ActiveCfg = AppStore|iPhone
		{13E4FDE1-C9BE-4D86-8DB4-B9B37F02A18B}.AppStore|iPhone.Build.0 = AppStore|iPhone
		{13E4FDE1-C9BE-4D86-8DB4-B9B37F02A18B}.Debug|Any CPU.ActiveCfg = Debug|iPhoneSimulator
		{13E4FDE1-C9BE-4D86-8DB4-B9B37F02A18B}.Debug|Any CPU.Build.0 = Debug|iPhoneSimulator
		{13E4FDE1-C9BE-4D86-8DB4-B9B37F02A18B}.Debug|iPhone.ActiveCfg = Debug|iPhone
		{13E4FDE1-C9BE-4D86-8DB4-B9B37F02A18B}.Debug|iPhone.Build.0 = Debug|iPhone
		{13E4FDE1-C9BE-4D86-8DB4-B9B37F02A18B}.Debug|iPhoneSimulator.ActiveCfg = Debug|iPhoneSimulator
		{13E4FDE1-C9BE-4D86-8DB4-B9B37F02A18B}.Debug|iPhoneSimulator.Build.0 = Debug|iPhoneSimulator
		{13E4FDE1-C9BE-4D86-8DB4-B9B37F02A18B}.Release|Any CPU.ActiveCfg = Release|iPhoneSimulator
		{13E4FDE1-C9BE-4D86-8DB4-B9B37F02A18B}.Release|Any CPU.Build.0 = Release|iPhoneSimulator
		{13E4FDE1-C9BE-4D86-8DB4-B9B37F02A18B}.Release|iPhone.ActiveCfg = Release|iPhone
		{13E4FDE1-C9BE-4D86-8DB4-B9B37F02A18B}.Release|iPhone.Build.0 = Release|iPhone
		{13E4FDE1-C9BE-4D86-8DB4-B9B37F02A18B}.Release|iPhoneSimulator.ActiveCfg = Release|iPhoneSimulator
		{13E4FDE1-C9BE-4D86-8DB4-B9B37F02A18B}.Release|iPhoneSimulator.Build.0 = Release|iPhoneSimulator
		{36E10516-2633-44C9-BA8A-4B7D0C43C3D1}.Ad-Hoc|iPhone.ActiveCfg = Debug|Any CPU
		{36E10516-2633-44C9-BA8A-4B7D0C43C3D1}.Ad-Hoc|iPhone.Build.0 = Debug|Any CPU
		{36E10516-2633-44C9-BA8A-4B7D0C43C3D1}.AppStore|iPhone.ActiveCfg = Debug|Any CPU
		{36E10516-2633-44C9-BA8A-4B7D0C43C3D1}.AppStore|iPhone.Build.0 = Debug|Any CPU
		{36E10516-2633-44C9-BA8A-4B7D0C43C3D1}.Debug|Any CPU.ActiveCfg = Debug|Any CPU
		{36E10516-2633-44C9-BA8A-4B7D0C43C3D1}.Debug|Any CPU.Build.0 = Debug|Any CPU
		{36E10516-2633-44C9-BA8A-4B7D0C43C3D1}.Debug|iPhone.ActiveCfg = Debug|Any CPU
		{36E10516-2633-44C9-BA8A-4B7D0C43C3D1}.Debug|iPhone.Build.0 = Debug|Any CPU
		{36E10516-2633-44C9-BA8A-4B7D0C43C3D1}.Debug|iPhoneSimulator.ActiveCfg = Debug|Any CPU
		{36E10516-2633-44C9-BA8A-4B7D0C43C3D1}.Debug|iPhoneSimulator.Build.0 = Debug|Any CPU
		{36E10516-2633-44C9-BA8A-4B7D0C43C3D1}.Release|Any CPU.ActiveCfg = Release|Any CPU
		{36E10516-2633-44C9-BA8A-4B7D0C43C3D1}.Release|Any CPU.Build.0 = Release|Any CPU
		{36E10516-2633-44C9-BA8A-4B7D0C43C3D1}.Release|iPhone.ActiveCfg = Release|Any CPU
		{36E10516-2633-44C9-BA8A-4B7D0C43C3D1}.Release|iPhone.Build.0 = Release|Any CPU
		{36E10516-2633-44C9-BA8A-4B7D0C43C3D1}.Release|iPhoneSimulator.ActiveCfg = Release|Any CPU
		{36E10516-2633-44C9-BA8A-4B7D0C43C3D1}.Release|iPhoneSimulator.Build.0 = Release|Any CPU
	EndGlobalSection
EndGlobal
